
Microsoft Visual Studio Solution File, Format Version 12.00
# Visual Studio Version 16
VisualStudioVersion = 16.0.31515.178
MinimumVisualStudioVersion = 10.0.40219.1
Project("{888888A0-9F3D-457C-B088-3A5042F75D52}") = "Country_Lab_261_JorgeSouza_Assignment", "Country_Lab_261_JorgeSouza_Assignment.pyproj", "{6A0DA6A1-0CD9-4E91-B623-7F32190F4EBD}"
EndProject
Global
	GlobalSection(SolutionConfigurationPlatforms) = preSolution
		Debug|Any CPU = Debug|Any CPU
		Release|Any CPU = Release|Any CPU
	EndGlobalSection
	GlobalSection(ProjectConfigurationPlatforms) = postSolution
		{6A0DA6A1-0CD9-4E91-B623-7F32190F4EBD}.Debug|Any CPU.ActiveCfg = Debug|Any CPU
		{6A0DA6A1-0CD9-4E91-B623-7F32190F4EBD}.Release|Any CPU.ActiveCfg = Release|Any CPU
	EndGlobalSection
	GlobalSection(SolutionProperties) = preSolution
		HideSolutionNode = FALSE
	EndGlobalSection
	GlobalSection(ExtensibilityGlobals) = postSolution
		SolutionGuid = {BAD6E443-14E4-4C17-A752-8B3DE8CD0749}
	EndGlobalSection
EndGlobal
